// !$*UTF8*$!
{
	archiveVersion = 1;
	classes = {
	};
	objectVersion = 46;
	objects = {

/* Begin PBXBuildFile section */
		DCCC2E1C14B4621D0097E26B /* UIKit.framework in Frameworks */ = {isa = PBXBuildFile; fileRef = DCCC2E1B14B4621D0097E26B /* UIKit.framework */; };
		DCCC2E1E14B4621D0097E26B /* Foundation.framework in Frameworks */ = {isa = PBXBuildFile; fileRef = DCCC2E1D14B4621D0097E26B /* Foundation.framework */; };
		DCCC2E2014B4621D0097E26B /* CoreGraphics.framework in Frameworks */ = {isa = PBXBuildFile; fileRef = DCCC2E1F14B4621D0097E26B /* CoreGraphics.framework */; };
		DCCC2E2614B4621D0097E26B /* InfoPlist.strings in Resources */ = {isa = PBXBuildFile; fileRef = DCCC2E2414B4621D0097E26B /* InfoPlist.strings */; };
		DCCC2E2814B4621D0097E26B /* main.m in Sources */ = {isa = PBXBuildFile; fileRef = DCCC2E2714B4621D0097E26B /* main.m */; };
		DCCC2E2C14B4621D0097E26B /* COAppDelegate.m in Sources */ = {isa = PBXBuildFile; fileRef = DCCC2E2B14B4621D0097E26B /* COAppDelegate.m */; };
		DCCC2E3414B4621D0097E26B /* SenTestingKit.framework in Frameworks */ = {isa = PBXBuildFile; fileRef = DCCC2E3314B4621D0097E26B /* SenTestingKit.framework */; };
		DCCC2E3514B4621D0097E26B /* UIKit.framework in Frameworks */ = {isa = PBXBuildFile; fileRef = DCCC2E1B14B4621D0097E26B /* UIKit.framework */; };
		DCCC2E3614B4621D0097E26B /* Foundation.framework in Frameworks */ = {isa = PBXBuildFile; fileRef = DCCC2E1D14B4621D0097E26B /* Foundation.framework */; };
		DCCC2E3E14B4621D0097E26B /* InfoPlist.strings in Resources */ = {isa = PBXBuildFile; fileRef = DCCC2E3C14B4621D0097E26B /* InfoPlist.strings */; };
		DCCC2E5114B462840097E26B /* COMongoObject.m in Sources */ = {isa = PBXBuildFile; fileRef = DCCC2E5014B462840097E26B /* COMongoObject.m */; };
		DCCC2E5414B464B60097E26B /* COMongoObjectTests.m in Sources */ = {isa = PBXBuildFile; fileRef = DCCC2E5314B464B60097E26B /* COMongoObjectTests.m */; };
		DCCC2E5714B4698A0097E26B /* COMongoConnection.m in Sources */ = {isa = PBXBuildFile; fileRef = DCCC2E5614B4698A0097E26B /* COMongoConnection.m */; };
		DCCC2E6914B46A1B0097E26B /* bson.c in Sources */ = {isa = PBXBuildFile; fileRef = DCCC2E5B14B46A1B0097E26B /* bson.c */; };
		DCCC2E6A14B46A1B0097E26B /* encoding.c in Sources */ = {isa = PBXBuildFile; fileRef = DCCC2E5D14B46A1B0097E26B /* encoding.c */; };
		DCCC2E6B14B46A1B0097E26B /* gridfs.c in Sources */ = {isa = PBXBuildFile; fileRef = DCCC2E5F14B46A1B0097E26B /* gridfs.c */; };
		DCCC2E6C14B46A1B0097E26B /* md5.c in Sources */ = {isa = PBXBuildFile; fileRef = DCCC2E6114B46A1B0097E26B /* md5.c */; };
		DCCC2E6D14B46A1B0097E26B /* mongo.c in Sources */ = {isa = PBXBuildFile; fileRef = DCCC2E6314B46A1B0097E26B /* mongo.c */; settings = {COMPILER_FLAGS = "-w"; }; };
		DCCC2E6E14B46A1B0097E26B /* net.c in Sources */ = {isa = PBXBuildFile; fileRef = DCCC2E6514B46A1B0097E26B /* net.c */; };
		DCCC2E6F14B46A1B0097E26B /* numbers.c in Sources */ = {isa = PBXBuildFile; fileRef = DCCC2E6714B46A1B0097E26B /* numbers.c */; };
/* End PBXBuildFile section */

/* Begin PBXContainerItemProxy section */
		DCCC2E3714B4621D0097E26B /* PBXContainerItemProxy */ = {
			isa = PBXContainerItemProxy;
			containerPortal = DCCC2E0E14B4621D0097E26B /* Project object */;
			proxyType = 1;
			remoteGlobalIDString = DCCC2E1614B4621D0097E26B;
			remoteInfo = ChocoMongo;
		};
/* End PBXContainerItemProxy section */

/* Begin PBXFileReference section */
		DCCC2E1714B4621D0097E26B /* ChocoMongo.app */ = {isa = PBXFileReference; explicitFileType = wrapper.application; includeInIndex = 0; path = ChocoMongo.app; sourceTree = BUILT_PRODUCTS_DIR; };
		DCCC2E1B14B4621D0097E26B /* UIKit.framework */ = {isa = PBXFileReference; lastKnownFileType = wrapper.framework; name = UIKit.framework; path = System/Library/Frameworks/UIKit.framework; sourceTree = SDKROOT; };
		DCCC2E1D14B4621D0097E26B /* Foundation.framework */ = {isa = PBXFileReference; lastKnownFileType = wrapper.framework; name = Foundation.framework; path = System/Library/Frameworks/Foundation.framework; sourceTree = SDKROOT; };
		DCCC2E1F14B4621D0097E26B /* CoreGraphics.framework */ = {isa = PBXFileReference; lastKnownFileType = wrapper.framework; name = CoreGraphics.framework; path = System/Library/Frameworks/CoreGraphics.framework; sourceTree = SDKROOT; };
		DCCC2E2314B4621D0097E26B /* ChocoMongo-Info.plist */ = {isa = PBXFileReference; lastKnownFileType = text.plist.xml; path = "ChocoMongo-Info.plist"; sourceTree = "<group>"; };
		DCCC2E2514B4621D0097E26B /* en */ = {isa = PBXFileReference; lastKnownFileType = text.plist.strings; name = en; path = en.lproj/InfoPlist.strings; sourceTree = "<group>"; };
		DCCC2E2714B4621D0097E26B /* main.m */ = {isa = PBXFileReference; lastKnownFileType = sourcecode.c.objc; path = main.m; sourceTree = "<group>"; };
		DCCC2E2914B4621D0097E26B /* ChocoMongo-Prefix.pch */ = {isa = PBXFileReference; lastKnownFileType = sourcecode.c.h; path = "ChocoMongo-Prefix.pch"; sourceTree = "<group>"; };
		DCCC2E2A14B4621D0097E26B /* COAppDelegate.h */ = {isa = PBXFileReference; lastKnownFileType = sourcecode.c.h; path = COAppDelegate.h; sourceTree = "<group>"; };
		DCCC2E2B14B4621D0097E26B /* COAppDelegate.m */ = {isa = PBXFileReference; lastKnownFileType = sourcecode.c.objc; path = COAppDelegate.m; sourceTree = "<group>"; };
		DCCC2E3214B4621D0097E26B /* ChocoMongoTests.octest */ = {isa = PBXFileReference; explicitFileType = wrapper.cfbundle; includeInIndex = 0; path = ChocoMongoTests.octest; sourceTree = BUILT_PRODUCTS_DIR; };
		DCCC2E3314B4621D0097E26B /* SenTestingKit.framework */ = {isa = PBXFileReference; lastKnownFileType = wrapper.framework; name = SenTestingKit.framework; path = Library/Frameworks/SenTestingKit.framework; sourceTree = DEVELOPER_DIR; };
		DCCC2E3B14B4621D0097E26B /* ChocoMongoTests-Info.plist */ = {isa = PBXFileReference; lastKnownFileType = text.plist.xml; path = "ChocoMongoTests-Info.plist"; sourceTree = "<group>"; };
		DCCC2E3D14B4621D0097E26B /* en */ = {isa = PBXFileReference; lastKnownFileType = text.plist.strings; name = en; path = en.lproj/InfoPlist.strings; sourceTree = "<group>"; };
		DCCC2E4F14B462840097E26B /* COMongoObject.h */ = {isa = PBXFileReference; fileEncoding = 4; lastKnownFileType = sourcecode.c.h; path = COMongoObject.h; sourceTree = "<group>"; };
		DCCC2E5014B462840097E26B /* COMongoObject.m */ = {isa = PBXFileReference; fileEncoding = 4; lastKnownFileType = sourcecode.c.objc; path = COMongoObject.m; sourceTree = "<group>"; };
		DCCC2E5214B464B60097E26B /* COMongoObjectTests.h */ = {isa = PBXFileReference; fileEncoding = 4; lastKnownFileType = sourcecode.c.h; path = COMongoObjectTests.h; sourceTree = "<group>"; };
		DCCC2E5314B464B60097E26B /* COMongoObjectTests.m */ = {isa = PBXFileReference; fileEncoding = 4; lastKnownFileType = sourcecode.c.objc; path = COMongoObjectTests.m; sourceTree = "<group>"; };
		DCCC2E5514B4698A0097E26B /* COMongoConnection.h */ = {isa = PBXFileReference; fileEncoding = 4; lastKnownFileType = sourcecode.c.h; path = COMongoConnection.h; sourceTree = "<group>"; };
		DCCC2E5614B4698A0097E26B /* COMongoConnection.m */ = {isa = PBXFileReference; fileEncoding = 4; lastKnownFileType = sourcecode.c.objc; path = COMongoConnection.m; sourceTree = "<group>"; };
		DCCC2E5B14B46A1B0097E26B /* bson.c */ = {isa = PBXFileReference; fileEncoding = 4; lastKnownFileType = sourcecode.c.c; path = bson.c; sourceTree = "<group>"; };
		DCCC2E5C14B46A1B0097E26B /* bson.h */ = {isa = PBXFileReference; fileEncoding = 4; lastKnownFileType = sourcecode.c.h; path = bson.h; sourceTree = "<group>"; };
		DCCC2E5D14B46A1B0097E26B /* encoding.c */ = {isa = PBXFileReference; fileEncoding = 4; lastKnownFileType = sourcecode.c.c; path = encoding.c; sourceTree = "<group>"; };
		DCCC2E5E14B46A1B0097E26B /* encoding.h */ = {isa = PBXFileReference; fileEncoding = 4; lastKnownFileType = sourcecode.c.h; path = encoding.h; sourceTree = "<group>"; };
		DCCC2E5F14B46A1B0097E26B /* gridfs.c */ = {isa = PBXFileReference; fileEncoding = 4; lastKnownFileType = sourcecode.c.c; path = gridfs.c; sourceTree = "<group>"; };
		DCCC2E6014B46A1B0097E26B /* gridfs.h */ = {isa = PBXFileReference; fileEncoding = 4; lastKnownFileType = sourcecode.c.h; path = gridfs.h; sourceTree = "<group>"; };
		DCCC2E6114B46A1B0097E26B /* md5.c */ = {isa = PBXFileReference; fileEncoding = 4; lastKnownFileType = sourcecode.c.c; path = md5.c; sourceTree = "<group>"; };
		DCCC2E6214B46A1B0097E26B /* md5.h */ = {isa = PBXFileReference; fileEncoding = 4; lastKnownFileType = sourcecode.c.h; path = md5.h; sourceTree = "<group>"; };
		DCCC2E6314B46A1B0097E26B /* mongo.c */ = {isa = PBXFileReference; fileEncoding = 4; lastKnownFileType = sourcecode.c.c; path = mongo.c; sourceTree = "<group>"; };
		DCCC2E6414B46A1B0097E26B /* mongo.h */ = {isa = PBXFileReference; fileEncoding = 4; lastKnownFileType = sourcecode.c.h; path = mongo.h; sourceTree = "<group>"; };
		DCCC2E6514B46A1B0097E26B /* net.c */ = {isa = PBXFileReference; fileEncoding = 4; lastKnownFileType = sourcecode.c.c; path = net.c; sourceTree = "<group>"; };
		DCCC2E6614B46A1B0097E26B /* net.h */ = {isa = PBXFileReference; fileEncoding = 4; lastKnownFileType = sourcecode.c.h; path = net.h; sourceTree = "<group>"; };
		DCCC2E6714B46A1B0097E26B /* numbers.c */ = {isa = PBXFileReference; fileEncoding = 4; lastKnownFileType = sourcecode.c.c; path = numbers.c; sourceTree = "<group>"; };
		DCCC2E6814B46A1B0097E26B /* platform.h */ = {isa = PBXFileReference; fileEncoding = 4; lastKnownFileType = sourcecode.c.h; path = platform.h; sourceTree = "<group>"; };
		DCCC2E7014B46E4F0097E26B /* ChocoMongo.h */ = {isa = PBXFileReference; fileEncoding = 4; lastKnownFileType = sourcecode.c.h; path = ChocoMongo.h; sourceTree = "<group>"; };
/* End PBXFileReference section */

/* Begin PBXFrameworksBuildPhase section */
		DCCC2E1414B4621D0097E26B /* Frameworks */ = {
			isa = PBXFrameworksBuildPhase;
			buildActionMask = 2147483647;
			files = (
				DCCC2E1C14B4621D0097E26B /* UIKit.framework in Frameworks */,
				DCCC2E1E14B4621D0097E26B /* Foundation.framework in Frameworks */,
				DCCC2E2014B4621D0097E26B /* CoreGraphics.framework in Frameworks */,
			);
			runOnlyForDeploymentPostprocessing = 0;
		};
		DCCC2E2E14B4621D0097E26B /* Frameworks */ = {
			isa = PBXFrameworksBuildPhase;
			buildActionMask = 2147483647;
			files = (
				DCCC2E3414B4621D0097E26B /* SenTestingKit.framework in Frameworks */,
				DCCC2E3514B4621D0097E26B /* UIKit.framework in Frameworks */,
				DCCC2E3614B4621D0097E26B /* Foundation.framework in Frameworks */,
			);
			runOnlyForDeploymentPostprocessing = 0;
		};
/* End PBXFrameworksBuildPhase section */

/* Begin PBXGroup section */
		DCCC2E0C14B4621D0097E26B = {
			isa = PBXGroup;
			children = (
				DCCC2E2114B4621D0097E26B /* ChocoMongo */,
				DCCC2E3914B4621D0097E26B /* ChocoMongoTests */,
				DCCC2E1A14B4621D0097E26B /* Frameworks */,
				DCCC2E1814B4621D0097E26B /* Products */,
			);
			sourceTree = "<group>";
		};
		DCCC2E1814B4621D0097E26B /* Products */ = {
			isa = PBXGroup;
			children = (
				DCCC2E1714B4621D0097E26B /* ChocoMongo.app */,
				DCCC2E3214B4621D0097E26B /* ChocoMongoTests.octest */,
			);
			name = Products;
			sourceTree = "<group>";
		};
		DCCC2E1A14B4621D0097E26B /* Frameworks */ = {
			isa = PBXGroup;
			children = (
				DCCC2E1B14B4621D0097E26B /* UIKit.framework */,
				DCCC2E1D14B4621D0097E26B /* Foundation.framework */,
				DCCC2E1F14B4621D0097E26B /* CoreGraphics.framework */,
				DCCC2E3314B4621D0097E26B /* SenTestingKit.framework */,
			);
			name = Frameworks;
			sourceTree = "<group>";
		};
		DCCC2E2114B4621D0097E26B /* ChocoMongo */ = {
			isa = PBXGroup;
			children = (
				DCCC2E2A14B4621D0097E26B /* COAppDelegate.h */,
				DCCC2E2B14B4621D0097E26B /* COAppDelegate.m */,
				DCCC2E4A14B462320097E26B /* Classes */,
				DCCC2E5814B469C30097E26B /* Vendor */,
				DCCC2E2214B4621D0097E26B /* Supporting Files */,
			);
			path = ChocoMongo;
			sourceTree = "<group>";
		};
		DCCC2E2214B4621D0097E26B /* Supporting Files */ = {
			isa = PBXGroup;
			children = (
				DCCC2E2314B4621D0097E26B /* ChocoMongo-Info.plist */,
				DCCC2E2414B4621D0097E26B /* InfoPlist.strings */,
				DCCC2E2714B4621D0097E26B /* main.m */,
				DCCC2E2914B4621D0097E26B /* ChocoMongo-Prefix.pch */,
			);
			name = "Supporting Files";
			sourceTree = "<group>";
		};
		DCCC2E3914B4621D0097E26B /* ChocoMongoTests */ = {
			isa = PBXGroup;
			children = (
				DCCC2E3A14B4621D0097E26B /* Supporting Files */,
				DCCC2E5214B464B60097E26B /* COMongoObjectTests.h */,
				DCCC2E5314B464B60097E26B /* COMongoObjectTests.m */,
			);
			path = ChocoMongoTests;
			sourceTree = "<group>";
		};
		DCCC2E3A14B4621D0097E26B /* Supporting Files */ = {
			isa = PBXGroup;
			children = (
				DCCC2E3B14B4621D0097E26B /* ChocoMongoTests-Info.plist */,
				DCCC2E3C14B4621D0097E26B /* InfoPlist.strings */,
			);
			name = "Supporting Files";
			sourceTree = "<group>";
		};
		DCCC2E4A14B462320097E26B /* Classes */ = {
			isa = PBXGroup;
			children = (
				DCCC2E7014B46E4F0097E26B /* ChocoMongo.h */,
				DCCC2E4F14B462840097E26B /* COMongoObject.h */,
				DCCC2E5014B462840097E26B /* COMongoObject.m */,
				DCCC2E5514B4698A0097E26B /* COMongoConnection.h */,
				DCCC2E5614B4698A0097E26B /* COMongoConnection.m */,
			);
			name = Classes;
			sourceTree = "<group>";
		};
		DCCC2E5814B469C30097E26B /* Vendor */ = {
			isa = PBXGroup;
			children = (
				DCCC2E5914B469EF0097E26B /* mongo-c-driver */,
			);
			name = Vendor;
			path = ../Vendor;
			sourceTree = "<group>";
		};
		DCCC2E5914B469EF0097E26B /* mongo-c-driver */ = {
			isa = PBXGroup;
			children = (
				DCCC2E5A14B46A020097E26B /* src */,
			);
			path = "mongo-c-driver";
			sourceTree = "<group>";
		};
		DCCC2E5A14B46A020097E26B /* src */ = {
			isa = PBXGroup;
			children = (
				DCCC2E5B14B46A1B0097E26B /* bson.c */,
				DCCC2E5C14B46A1B0097E26B /* bson.h */,
				DCCC2E5D14B46A1B0097E26B /* encoding.c */,
				DCCC2E5E14B46A1B0097E26B /* encoding.h */,
				DCCC2E5F14B46A1B0097E26B /* gridfs.c */,
				DCCC2E6014B46A1B0097E26B /* gridfs.h */,
				DCCC2E6114B46A1B0097E26B /* md5.c */,
				DCCC2E6214B46A1B0097E26B /* md5.h */,
				DCCC2E6314B46A1B0097E26B /* mongo.c */,
				DCCC2E6414B46A1B0097E26B /* mongo.h */,
				DCCC2E6514B46A1B0097E26B /* net.c */,
				DCCC2E6614B46A1B0097E26B /* net.h */,
				DCCC2E6714B46A1B0097E26B /* numbers.c */,
				DCCC2E6814B46A1B0097E26B /* platform.h */,
			);
			path = src;
			sourceTree = "<group>";
		};
/* End PBXGroup section */

/* Begin PBXNativeTarget section */
		DCCC2E1614B4621D0097E26B /* ChocoMongo */ = {
			isa = PBXNativeTarget;
			buildConfigurationList = DCCC2E4414B4621D0097E26B /* Build configuration list for PBXNativeTarget "ChocoMongo" */;
			buildPhases = (
				DCCC2E1314B4621D0097E26B /* Sources */,
				DCCC2E1414B4621D0097E26B /* Frameworks */,
				DCCC2E1514B4621D0097E26B /* Resources */,
			);
			buildRules = (
			);
			dependencies = (
			);
			name = ChocoMongo;
			productName = ChocoMongo;
			productReference = DCCC2E1714B4621D0097E26B /* ChocoMongo.app */;
			productType = "com.apple.product-type.application";
		};
		DCCC2E3114B4621D0097E26B /* ChocoMongoTests */ = {
			isa = PBXNativeTarget;
			buildConfigurationList = DCCC2E4714B4621D0097E26B /* Build configuration list for PBXNativeTarget "ChocoMongoTests" */;
			buildPhases = (
				DCCC2E2D14B4621D0097E26B /* Sources */,
				DCCC2E2E14B4621D0097E26B /* Frameworks */,
				DCCC2E2F14B4621D0097E26B /* Resources */,
				DCCC2E3014B4621D0097E26B /* ShellScript */,
			);
			buildRules = (
			);
			dependencies = (
				DCCC2E3814B4621D0097E26B /* PBXTargetDependency */,
			);
			name = ChocoMongoTests;
			productName = ChocoMongoTests;
			productReference = DCCC2E3214B4621D0097E26B /* ChocoMongoTests.octest */;
			productType = "com.apple.product-type.bundle";
		};
/* End PBXNativeTarget section */

/* Begin PBXProject section */
		DCCC2E0E14B4621D0097E26B /* Project object */ = {
			isa = PBXProject;
			attributes = {
				LastUpgradeCheck = 0420;
				ORGANIZATIONNAME = chocomoko.com;
			};
			buildConfigurationList = DCCC2E1114B4621D0097E26B /* Build configuration list for PBXProject "ChocoMongo" */;
			compatibilityVersion = "Xcode 3.2";
			developmentRegion = English;
			hasScannedForEncodings = 0;
			knownRegions = (
				en,
			);
			mainGroup = DCCC2E0C14B4621D0097E26B;
			productRefGroup = DCCC2E1814B4621D0097E26B /* Products */;
			projectDirPath = "";
			projectRoot = "";
			targets = (
				DCCC2E1614B4621D0097E26B /* ChocoMongo */,
				DCCC2E3114B4621D0097E26B /* ChocoMongoTests */,
			);
		};
/* End PBXProject section */

/* Begin PBXResourcesBuildPhase section */
		DCCC2E1514B4621D0097E26B /* Resources */ = {
			isa = PBXResourcesBuildPhase;
			buildActionMask = 2147483647;
			files = (
				DCCC2E2614B4621D0097E26B /* InfoPlist.strings in Resources */,
			);
			runOnlyForDeploymentPostprocessing = 0;
		};
		DCCC2E2F14B4621D0097E26B /* Resources */ = {
			isa = PBXResourcesBuildPhase;
			buildActionMask = 2147483647;
			files = (
				DCCC2E3E14B4621D0097E26B /* InfoPlist.strings in Resources */,
			);
			runOnlyForDeploymentPostprocessing = 0;
		};
/* End PBXResourcesBuildPhase section */

/* Begin PBXShellScriptBuildPhase section */
		DCCC2E3014B4621D0097E26B /* ShellScript */ = {
			isa = PBXShellScriptBuildPhase;
			buildActionMask = 2147483647;
			files = (
			);
			inputPaths = (
			);
			outputPaths = (
			);
			runOnlyForDeploymentPostprocessing = 0;
			shellPath = /bin/sh;
			shellScript = "# Run the unit tests in this test bundle.\n\"${SYSTEM_DEVELOPER_DIR}/Tools/RunUnitTests\"\n";
		};
/* End PBXShellScriptBuildPhase section */

/* Begin PBXSourcesBuildPhase section */
		DCCC2E1314B4621D0097E26B /* Sources */ = {
			isa = PBXSourcesBuildPhase;
			buildActionMask = 2147483647;
			files = (
				DCCC2E2814B4621D0097E26B /* main.m in Sources */,
				DCCC2E2C14B4621D0097E26B /* COAppDelegate.m in Sources */,
				DCCC2E5114B462840097E26B /* COMongoObject.m in Sources */,
				DCCC2E5714B4698A0097E26B /* COMongoConnection.m in Sources */,
				DCCC2E6914B46A1B0097E26B /* bson.c in Sources */,
				DCCC2E6A14B46A1B0097E26B /* encoding.c in Sources */,
				DCCC2E6B14B46A1B0097E26B /* gridfs.c in Sources */,
				DCCC2E6C14B46A1B0097E26B /* md5.c in Sources */,
				DCCC2E6D14B46A1B0097E26B /* mongo.c in Sources */,
				DCCC2E6E14B46A1B0097E26B /* net.c in Sources */,
				DCCC2E6F14B46A1B0097E26B /* numbers.c in Sources */,
			);
			runOnlyForDeploymentPostprocessing = 0;
		};
		DCCC2E2D14B4621D0097E26B /* Sources */ = {
			isa = PBXSourcesBuildPhase;
			buildActionMask = 2147483647;
			files = (
				DCCC2E5414B464B60097E26B /* COMongoObjectTests.m in Sources */,
			);
			runOnlyForDeploymentPostprocessing = 0;
		};
/* End PBXSourcesBuildPhase section */

/* Begin PBXTargetDependency section */
		DCCC2E3814B4621D0097E26B /* PBXTargetDependency */ = {
			isa = PBXTargetDependency;
			target = DCCC2E1614B4621D0097E26B /* ChocoMongo */;
			targetProxy = DCCC2E3714B4621D0097E26B /* PBXContainerItemProxy */;
		};
/* End PBXTargetDependency section */

/* Begin PBXVariantGroup section */
		DCCC2E2414B4621D0097E26B /* InfoPlist.strings */ = {
			isa = PBXVariantGroup;
			children = (
				DCCC2E2514B4621D0097E26B /* en */,
			);
			name = InfoPlist.strings;
			sourceTree = "<group>";
		};
		DCCC2E3C14B4621D0097E26B /* InfoPlist.strings */ = {
			isa = PBXVariantGroup;
			children = (
				DCCC2E3D14B4621D0097E26B /* en */,
			);
			name = InfoPlist.strings;
			sourceTree = "<group>";
		};
/* End PBXVariantGroup section */

/* Begin XCBuildConfiguration section */
		DCCC2E4214B4621D0097E26B /* Debug */ = {
			isa = XCBuildConfiguration;
			buildSettings = {
				ALWAYS_SEARCH_USER_PATHS = NO;
				ARCHS = "$(ARCHS_STANDARD_32_BIT)";
				CLANG_ENABLE_OBJC_ARC = YES;
				"CODE_SIGN_IDENTITY[sdk=iphoneos*]" = "iPhone Developer";
				COPY_PHASE_STRIP = NO;
				GCC_C_LANGUAGE_STANDARD = gnu99;
				GCC_DYNAMIC_NO_PIC = NO;
				GCC_OPTIMIZATION_LEVEL = 0;
				GCC_PREPROCESSOR_DEFINITIONS = (
					"DEBUG=1",
					"$(inherited)",
				);
				GCC_SYMBOLS_PRIVATE_EXTERN = NO;
				GCC_VERSION = com.apple.compilers.llvm.clang.1_0;
				GCC_WARN_ABOUT_MISSING_PROTOTYPES = YES;
				GCC_WARN_ABOUT_RETURN_TYPE = YES;
				GCC_WARN_UNUSED_VARIABLE = YES;
				IPHONEOS_DEPLOYMENT_TARGET = 5.0;
				SDKROOT = iphoneos;
			};
			name = Debug;
		};
		DCCC2E4314B4621D0097E26B /* Release */ = {
			isa = XCBuildConfiguration;
			buildSettings = {
				ALWAYS_SEARCH_USER_PATHS = NO;
				ARCHS = "$(ARCHS_STANDARD_32_BIT)";
				CLANG_ENABLE_OBJC_ARC = YES;
				"CODE_SIGN_IDENTITY[sdk=iphoneos*]" = "iPhone Developer";
				COPY_PHASE_STRIP = YES;
				GCC_C_LANGUAGE_STANDARD = gnu99;
				GCC_VERSION = com.apple.compilers.llvm.clang.1_0;
				GCC_WARN_ABOUT_MISSING_PROTOTYPES = YES;
				GCC_WARN_ABOUT_RETURN_TYPE = YES;
				GCC_WARN_UNUSED_VARIABLE = YES;
				IPHONEOS_DEPLOYMENT_TARGET = 5.0;
				OTHER_CFLAGS = "-DNS_BLOCK_ASSERTIONS=1";
				SDKROOT = iphoneos;
				VALIDATE_PRODUCT = YES;
			};
			name = Release;
		};
		DCCC2E4514B4621D0097E26B /* Debug */ = {
			isa = XCBuildConfiguration;
			buildSettings = {
				GCC_PRECOMPILE_PREFIX_HEADER = YES;
				GCC_PREFIX_HEADER = "ChocoMongo/ChocoMongo-Prefix.pch";
				INFOPLIST_FILE = "ChocoMongo/ChocoMongo-Info.plist";
				PRODUCT_NAME = "$(TARGET_NAME)";
				WRAPPER_EXTENSION = app;
			};
			name = Debug;
		};
		DCCC2E4614B4621D0097E26B /* Release */ = {
			isa = XCBuildConfiguration;
			buildSettings = {
				GCC_PRECOMPILE_PREFIX_HEADER = YES;
				GCC_PREFIX_HEADER = "ChocoMongo/ChocoMongo-Prefix.pch";
				INFOPLIST_FILE = "ChocoMongo/ChocoMongo-Info.plist";
				PRODUCT_NAME = "$(TARGET_NAME)";
				WRAPPER_EXTENSION = app;
			};
			name = Release;
		};
		DCCC2E4814B4621D0097E26B /* Debug */ = {
			isa = XCBuildConfiguration;
			buildSettings = {
				BUNDLE_LOADER = "$(BUILT_PRODUCTS_DIR)/ChocoMongo.app/ChocoMongo";
				FRAMEWORK_SEARCH_PATHS = (
					"$(SDKROOT)/Developer/Library/Frameworks",
					"$(DEVELOPER_LIBRARY_DIR)/Frameworks",
				);
				GCC_PRECOMPILE_PREFIX_HEADER = YES;
				GCC_PREFIX_HEADER = "ChocoMongo/ChocoMongo-Prefix.pch";
				INFOPLIST_FILE = "ChocoMongoTests/ChocoMongoTests-Info.plist";
				PRODUCT_NAME = "$(TARGET_NAME)";
				TEST_HOST = "$(BUNDLE_LOADER)";
				WRAPPER_EXTENSION = octest;
			};
			name = Debug;
		};
		DCCC2E4914B4621D0097E26B /* Release */ = {
			isa = XCBuildConfiguration;
			buildSettings = {
				BUNDLE_LOADER = "$(BUILT_PRODUCTS_DIR)/ChocoMongo.app/ChocoMongo";
				FRAMEWORK_SEARCH_PATHS = (
					"$(SDKROOT)/Developer/Library/Frameworks",
					"$(DEVELOPER_LIBRARY_DIR)/Frameworks",
				);
				GCC_PRECOMPILE_PREFIX_HEADER = YES;
				GCC_PREFIX_HEADER = "ChocoMongo/ChocoMongo-Prefix.pch";
				INFOPLIST_FILE = "ChocoMongoTests/ChocoMongoTests-Info.plist";
				PRODUCT_NAME = "$(TARGET_NAME)";
				TEST_HOST = "$(BUNDLE_LOADER)";
				WRAPPER_EXTENSION = octest;
			};
			name = Release;
		};
/* End XCBuildConfiguration section */

/* Begin XCConfigurationList section */
		DCCC2E1114B4621D0097E26B /* Build configuration list for PBXProject "ChocoMongo" */ = {
			isa = XCConfigurationList;
			buildConfigurations = (
				DCCC2E4214B4621D0097E26B /* Debug */,
				DCCC2E4314B4621D0097E26B /* Release */,
			);
			defaultConfigurationIsVisible = 0;
			defaultConfigurationName = Release;
		};
		DCCC2E4414B4621D0097E26B /* Build configuration list for PBXNativeTarget "ChocoMongo" */ = {
			isa = XCConfigurationList;
			buildConfigurations = (
				DCCC2E4514B4621D0097E26B /* Debug */,
				DCCC2E4614B4621D0097E26B /* Release */,
			);
			defaultConfigurationIsVisible = 0;
		};
		DCCC2E4714B4621D0097E26B /* Build configuration list for PBXNativeTarget "ChocoMongoTests" */ = {
			isa = XCConfigurationList;
			buildConfigurations = (
				DCCC2E4814B4621D0097E26B /* Debug */,
				DCCC2E4914B4621D0097E26B /* Release */,
			);
			defaultConfigurationIsVisible = 0;
		};
/* End XCConfigurationList section */
	};
	rootObject = DCCC2E0E14B4621D0097E26B /* Project object */;
}
